// !$*UTF8*$!
{
	archiveVersion = 1;
	classes = {
	};
	objectVersion = 46;
	objects = {

/* Begin PBXBuildFile section */
		0721D56B1593D8D8008EFB84 /* main.c in Sources */ = {isa = PBXBuildFile; fileRef = 0721D56A1593D8D8008EFB84 /* main.c */; };
		0721D56D1593D8D8008EFB84 /* randomNumbers.1 in CopyFiles */ = {isa = PBXBuildFile; fileRef = 0721D56C1593D8D8008EFB84 /* randomNumbers.1 */; };
/* End PBXBuildFile section */

/* Begin PBXCopyFilesBuildPhase section */
		0721D5641593D8D7008EFB84 /* CopyFiles */ = {
			isa = PBXCopyFilesBuildPhase;
			buildActionMask = 2147483647;
			dstPath = /usr/share/man/man1/;
			dstSubfolderSpec = 0;
			files = (
				0721D56D1593D8D8008EFB84 /* randomNumbers.1 in CopyFiles */,
			);
			runOnlyForDeploymentPostprocessing = 1;
		};
/* End PBXCopyFilesBuildPhase section */

/* Begin PBXFileReference section */
		0721D5661593D8D7008EFB84 /* randomNumbers */ = {isa = PBXFileReference; explicitFileType = "compiled.mach-o.executable"; includeInIndex = 0; path = randomNumbers; sourceTree = BUILT_PRODUCTS_DIR; };
		0721D56A1593D8D8008EFB84 /* main.c */ = {isa = PBXFileReference; lastKnownFileType = sourcecode.c.c; path = main.c; sourceTree = "<group>"; };
		0721D56C1593D8D8008EFB84 /* randomNumbers.1 */ = {isa = PBXFileReference; lastKnownFileType = text.man; path = randomNumbers.1; sourceTree = "<group>"; };
/* End PBXFileReference section */

/* Begin PBXFrameworksBuildPhase section */
		0721D5631593D8D7008EFB84 /* Frameworks */ = {
			isa = PBXFrameworksBuildPhase;
			buildActionMask = 2147483647;
			files = (
			);
			runOnlyForDeploymentPostprocessing = 0;
		};
/* End PBXFrameworksBuildPhase section */

/* Begin PBXGroup section */
		0721D55B1593D8D7008EFB84 = {
			isa = PBXGroup;
			children = (
				0721D5691593D8D7008EFB84 /* randomNumbers */,
				0721D5671593D8D7008EFB84 /* Products */,
			);
			sourceTree = "<group>";
		};
		0721D5671593D8D7008EFB84 /* Products */ = {
			isa = PBXGroup;
			children = (
				0721D5661593D8D7008EFB84 /* randomNumbers */,
			);
			name = Products;
			sourceTree = "<group>";
		};
		0721D5691593D8D7008EFB84 /* randomNumbers */ = {
			isa = PBXGroup;
			children = (
				0721D56A1593D8D8008EFB84 /* main.c */,
				0721D56C1593D8D8008EFB84 /* randomNumbers.1 */,
			);
			path = randomNumbers;
			sourceTree = "<group>";
		};
/* End PBXGroup section */

/* Begin PBXNativeTarget section */
		0721D5651593D8D7008EFB84 /* randomNumbers */ = {
			isa = PBXNativeTarget;
			buildConfigurationList = 0721D5701593D8D8008EFB84 /* Build configuration list for PBXNativeTarget "randomNumbers" */;
			buildPhases = (
				0721D5621593D8D7008EFB84 /* Sources */,
				0721D5631593D8D7008EFB84 /* Frameworks */,
				0721D5641593D8D7008EFB84 /* CopyFiles */,
			);
			buildRules = (
			);
			dependencies = (
			);
			name = randomNumbers;
			productName = randomNumbers;
			productReference = 0721D5661593D8D7008EFB84 /* randomNumbers */;
			productType = "com.apple.product-type.tool";
		};
/* End PBXNativeTarget section */

/* Begin PBXProject section */
		0721D55D1593D8D7008EFB84 /* Project object */ = {
			isa = PBXProject;
			attributes = {
				LastUpgradeCheck = 0440;
				ORGANIZATIONNAME = Eric;
			};
			buildConfigurationList = 0721D5601593D8D7008EFB84 /* Build configuration list for PBXProject "randomNumbers" */;
			compatibilityVersion = "Xcode 3.2";
			developmentRegion = English;
			hasScannedForEncodings = 0;
			knownRegions = (
				en,
			);
			mainGroup = 0721D55B1593D8D7008EFB84;
			productRefGroup = 0721D5671593D8D7008EFB84 /* Products */;
			projectDirPath = "";
			projectRoot = "";
			targets = (
				0721D5651593D8D7008EFB84 /* randomNumbers */,
			);
		};
/* End PBXProject section */

/* Begin PBXSourcesBuildPhase section */
		0721D5621593D8D7008EFB84 /* Sources */ = {
			isa = PBXSourcesBuildPhase;
			buildActionMask = 2147483647;
			files = (
				0721D56B1593D8D8008EFB84 /* main.c in Sources */,
			);
			runOnlyForDeploymentPostprocessing = 0;
		};
/* End PBXSourcesBuildPhase section */

/* Begin XCBuildConfiguration section */
		0721D56E1593D8D8008EFB84 /* Debug */ = {
			isa = XCBuildConfiguration;
			buildSettings = {
				ALWAYS_SEARCH_USER_PATHS = NO;
				ARCHS = "$(ARCHS_STANDARD_64_BIT)";
				CLANG_CXX_LANGUAGE_STANDARD = "gnu++0x";
				CLANG_ENABLE_OBJC_ARC = YES;
				CLANG_WARN__DUPLICATE_METHOD_MATCH = YES;
				COPY_PHASE_STRIP = NO;
				GCC_C_LANGUAGE_STANDARD = gnu99;
				GCC_DYNAMIC_NO_PIC = NO;
				GCC_ENABLE_OBJC_EXCEPTIONS = YES;
				GCC_OPTIMIZATION_LEVEL = 0;
				GCC_PREPROCESSOR_DEFINITIONS = (
					"DEBUG=1",
					"$(inherited)",
				);
				GCC_SYMBOLS_PRIVATE_EXTERN = NO;
				GCC_WARN_64_TO_32_BIT_CONVERSION = YES;
				GCC_WARN_ABOUT_RETURN_TYPE = YES;
				GCC_WARN_UNINITIALIZED_AUTOS = YES;
				GCC_WARN_UNUSED_VARIABLE = YES;
				MACOSX_DEPLOYMENT_TARGET = 10.8;
				ONLY_ACTIVE_ARCH = YES;
				SDKROOT = macosx;
			};
			name = Debug;
		};
		0721D56F1593D8D8008EFB84 /* Release */ = {
			isa = XCBuildConfiguration;
			buildSettings = {
				ALWAYS_SEARCH_USER_PATHS = NO;
				ARCHS = "$(ARCHS_STANDARD_64_BIT)";
				CLANG_CXX_LANGUAGE_STANDARD = "gnu++0x";
				CLANG_ENABLE_OBJC_ARC = YES;
				CLANG_WARN__DUPLICATE_METHOD_MATCH = YES;
				COPY_PHASE_STRIP = YES;
				DEBUG_INFORMATION_FORMAT = "dwarf-with-dsym";
				GCC_C_LANGUAGE_STANDARD = gnu99;
				GCC_ENABLE_OBJC_EXCEPTIONS = YES;
				GCC_WARN_64_TO_32_BIT_CONVERSION = YES;
				GCC_WARN_ABOUT_RETURN_TYPE = YES;
				GCC_WARN_UNINITIALIZED_AUTOS = YES;
				GCC_WARN_UNUSED_VARIABLE = YES;
				MACOSX_DEPLOYMENT_TARGET = 10.8;
				SDKROOT = macosx;
			};
			name = Release;
		};
		0721D5711593D8D8008EFB84 /* Debug */ = {
			isa = XCBuildConfiguration;
			buildSettings = {
				PRODUCT_NAME = "$(TARGET_NAME)";
			};
			name = Debug;
		};
		0721D5721593D8D8008EFB84 /* Release */ = {
			isa = XCBuildConfiguration;
			buildSettings = {
				PRODUCT_NAME = "$(TARGET_NAME)";
			};
			name = Release;
		};
/* End XCBuildConfiguration section */

/* Begin XCConfigurationList section */
		0721D5601593D8D7008EFB84 /* Build configuration list for PBXProject "randomNumbers" */ = {
			isa = XCConfigurationList;
			buildConfigurations = (
				0721D56E1593D8D8008EFB84 /* Debug */,
				0721D56F1593D8D8008EFB84 /* Release */,
			);
			defaultConfigurationIsVisible = 0;
			defaultConfigurationName = Release;
		};
		0721D5701593D8D8008EFB84 /* Build configuration list for PBXNativeTarget "randomNumbers" */ = {
			isa = XCConfigurationList;
			buildConfigurations = (
				0721D5711593D8D8008EFB84 /* Debug */,
				0721D5721593D8D8008EFB84 /* Release */,
			);
			defaultConfigurationIsVisible = 0;
		};
/* End XCConfigurationList section */
	};
	rootObject = 0721D55D1593D8D7008EFB84 /* Project object */;
}
